
Microsoft Visual Studio Solution File, Format Version 12.00
# Visual Studio Version 17
VisualStudioVersion = 17.0.31903.59
MinimumVisualStudioVersion = 10.0.40219.1
Project("{FAE04EC0-301F-11D3-BF4B-00C04F79EFBC}") = "Server", "Server\Server.csproj", "{D9C365F5-C661-4AE3-A456-9DBD10D46990}"
EndProject
Project("{FAE04EC0-301F-11D3-BF4B-00C04F79EFBC}") = "BusinessLogic", "BusinessLogic\BusinessLogic.csproj", "{9546C2AC-8CDA-40BB-AA0A-0B28A7A4193A}"
EndProject
Project("{FAE04EC0-301F-11D3-BF4B-00C04F79EFBC}") = "DataAccess", "DataAccess\DataAccess.csproj", "{EE3A0382-C5F4-4C4D-9795-76C340F62DA5}"
EndProject
Project("{FAE04EC0-301F-11D3-BF4B-00C04F79EFBC}") = "Tests", "Tests\Tests.csproj", "{AEBAC32C-EF25-468B-8319-6B348B73757C}"
EndProject
Global
	GlobalSection(SolutionConfigurationPlatforms) = preSolution
		Debug|Any CPU = Debug|Any CPU
		Debug|x64 = Debug|x64
		Debug|x86 = Debug|x86
		Release|Any CPU = Release|Any CPU
		Release|x64 = Release|x64
		Release|x86 = Release|x86
	EndGlobalSection
	GlobalSection(ProjectConfigurationPlatforms) = postSolution
		{D9C365F5-C661-4AE3-A456-9DBD10D46990}.Debug|Any CPU.ActiveCfg = Debug|Any CPU
		{D9C365F5-C661-4AE3-A456-9DBD10D46990}.Debug|Any CPU.Build.0 = Debug|Any CPU
		{D9C365F5-C661-4AE3-A456-9DBD10D46990}.Debug|x64.ActiveCfg = Debug|Any CPU
		{D9C365F5-C661-4AE3-A456-9DBD10D46990}.Debug|x64.Build.0 = Debug|Any CPU
		{D9C365F5-C661-4AE3-A456-9DBD10D46990}.Debug|x86.ActiveCfg = Debug|Any CPU
		{D9C365F5-C661-4AE3-A456-9DBD10D46990}.Debug|x86.Build.0 = Debug|Any CPU
		{D9C365F5-C661-4AE3-A456-9DBD10D46990}.Release|Any CPU.ActiveCfg = Release|Any CPU
		{D9C365F5-C661-4AE3-A456-9DBD10D46990}.Release|Any CPU.Build.0 = Release|Any CPU
		{D9C365F5-C661-4AE3-A456-9DBD10D46990}.Release|x64.ActiveCfg = Release|Any CPU
		{D9C365F5-C661-4AE3-A456-9DBD10D46990}.Release|x64.Build.0 = Release|Any CPU
		{D9C365F5-C661-4AE3-A456-9DBD10D46990}.Release|x86.ActiveCfg = Release|Any CPU
		{D9C365F5-C661-4AE3-A456-9DBD10D46990}.Release|x86.Build.0 = Release|Any CPU
		{9546C2AC-8CDA-40BB-AA0A-0B28A7A4193A}.Debug|Any CPU.ActiveCfg = Debug|Any CPU
		{9546C2AC-8CDA-40BB-AA0A-0B28A7A4193A}.Debug|Any CPU.Build.0 = Debug|Any CPU
		{9546C2AC-8CDA-40BB-AA0A-0B28A7A4193A}.Debug|x64.ActiveCfg = Debug|Any CPU
		{9546C2AC-8CDA-40BB-AA0A-0B28A7A4193A}.Debug|x64.Build.0 = Debug|Any CPU
		{9546C2AC-8CDA-40BB-AA0A-0B28A7A4193A}.Debug|x86.ActiveCfg = Debug|Any CPU
		{9546C2AC-8CDA-40BB-AA0A-0B28A7A4193A}.Debug|x86.Build.0 = Debug|Any CPU
		{9546C2AC-8CDA-40BB-AA0A-0B28A7A4193A}.Release|Any CPU.ActiveCfg = Release|Any CPU
		{9546C2AC-8CDA-40BB-AA0A-0B28A7A4193A}.Release|Any CPU.Build.0 = Release|Any CPU
		{9546C2AC-8CDA-40BB-AA0A-0B28A7A4193A}.Release|x64.ActiveCfg = Release|Any CPU
		{9546C2AC-8CDA-40BB-AA0A-0B28A7A4193A}.Release|x64.Build.0 = Release|Any CPU
		{9546C2AC-8CDA-40BB-AA0A-0B28A7A4193A}.Release|x86.ActiveCfg = Release|Any CPU
		{9546C2AC-8CDA-40BB-AA0A-0B28A7A4193A}.Release|x86.Build.0 = Release|Any CPU
		{EE3A0382-C5F4-4C4D-9795-76C340F62DA5}.Debug|Any CPU.ActiveCfg = Debug|Any CPU
		{EE3A0382-C5F4-4C4D-9795-76C340F62DA5}.Debug|Any CPU.Build.0 = Debug|Any CPU
		{EE3A0382-C5F4-4C4D-9795-76C340F62DA5}.Debug|x64.ActiveCfg = Debug|Any CPU
		{EE3A0382-C5F4-4C4D-9795-76C340F62DA5}.Debug|x64.Build.0 = Debug|Any CPU
		{EE3A0382-C5F4-4C4D-9795-76C340F62DA5}.Debug|x86.ActiveCfg = Debug|Any CPU
		{EE3A0382-C5F4-4C4D-9795-76C340F62DA5}.Debug|x86.Build.0 = Debug|Any CPU
		{EE3A0382-C5F4-4C4D-9795-76C340F62DA5}.Release|Any CPU.ActiveCfg = Release|Any CPU
		{EE3A0382-C5F4-4C4D-9795-76C340F62DA5}.Release|Any CPU.Build.0 = Release|Any CPU
		{EE3A0382-C5F4-4C4D-9795-76C340F62DA5}.Release|x64.ActiveCfg = Release|Any CPU
		{EE3A0382-C5F4-4C4D-9795-76C340F62DA5}.Release|x64.Build.0 = Release|Any CPU
		{EE3A0382-C5F4-4C4D-9795-76C340F62DA5}.Release|x86.ActiveCfg = Release|Any CPU
		{EE3A0382-C5F4-4C4D-9795-76C340F62DA5}.Release|x86.Build.0 = Release|Any CPU
		{AEBAC32C-EF25-468B-8319-6B348B73757C}.Debug|Any CPU.ActiveCfg = Debug|Any CPU
		{AEBAC32C-EF25-468B-8319-6B348B73757C}.Debug|Any CPU.Build.0 = Debug|Any CPU
		{AEBAC32C-EF25-468B-8319-6B348B73757C}.Debug|x64.ActiveCfg = Debug|Any CPU
		{AEBAC32C-EF25-468B-8319-6B348B73757C}.Debug|x64.Build.0 = Debug|Any CPU
		{AEBAC32C-EF25-468B-8319-6B348B73757C}.Debug|x86.ActiveCfg = Debug|Any CPU
		{AEBAC32C-EF25-468B-8319-6B348B73757C}.Debug|x86.Build.0 = Debug|Any CPU
		{AEBAC32C-EF25-468B-8319-6B348B73757C}.Release|Any CPU.ActiveCfg = Release|Any CPU
		{AEBAC32C-EF25-468B-8319-6B348B73757C}.Release|Any CPU.Build.0 = Release|Any CPU
		{AEBAC32C-EF25-468B-8319-6B348B73757C}.Release|x64.ActiveCfg = Release|Any CPU
		{AEBAC32C-EF25-468B-8319-6B348B73757C}.Release|x64.Build.0 = Release|Any CPU
		{AEBAC32C-EF25-468B-8319-6B348B73757C}.Release|x86.ActiveCfg = Release|Any CPU
		{AEBAC32C-EF25-468B-8319-6B348B73757C}.Release|x86.Build.0 = Release|Any CPU
	EndGlobalSection
	GlobalSection(SolutionProperties) = preSolution
		HideSolutionNode = FALSE
	EndGlobalSection
EndGlobal
